// !$*UTF8*$!
{
	archiveVersion = 1;
	classes = {
	};
	objectVersion = 56;
	objects = {

/* Begin PBXBuildFile section */
		058557BB273AAA24004C7B11 /* Assets.xcassets in Resources */ = {isa = PBXBuildFile; fileRef = 058557BA273AAA24004C7B11 /* Assets.xcassets */; };
		058557D9273AAEEB004C7B11 /* Preview Assets.xcassets in Resources */ = {isa = PBXBuildFile; fileRef = 058557D8273AAEEB004C7B11 /* Preview Assets.xcassets */; };
		2152FB042600AC8F00CF470E /* iOSApp.swift in Sources */ = {isa = PBXBuildFile; fileRef = 2152FB032600AC8F00CF470E /* iOSApp.swift */; };
		7555FF83242A565900829871 /* ContentView.swift in Sources */ = {isa = PBXBuildFile; fileRef = 7555FF82242A565900829871 /* ContentView.swift */; };
		D933A8792C5ABEE300B572BA /* GoogleService-Info.plist in Resources */ = {isa = PBXBuildFile; fileRef = D933A8782C5ABEE300B572BA /* GoogleService-Info.plist */; };
		D97108A12C392C550054DBE0 /* ScreenTimeApp.swift in Sources */ = {isa = PBXBuildFile; fileRef = D97108A02C392C550054DBE0 /* ScreenTimeApp.swift */; };
		D97108A92C392D680054DBE0 /* ReportExtension.swift in Sources */ = {isa = PBXBuildFile; fileRef = D97108A82C392D680054DBE0 /* ReportExtension.swift */; };
		D97108AB2C392D680054DBE0 /* TotalActivityReport.swift in Sources */ = {isa = PBXBuildFile; fileRef = D97108AA2C392D680054DBE0 /* TotalActivityReport.swift */; };
		D97108AD2C392D680054DBE0 /* TotalActivityView.swift in Sources */ = {isa = PBXBuildFile; fileRef = D97108AC2C392D680054DBE0 /* TotalActivityView.swift */; };
		D97108B22C392D680054DBE0 /* ReportExtension.appex in Embed ExtensionKit Extensions */ = {isa = PBXBuildFile; fileRef = D97108A62C392D680054DBE0 /* ReportExtension.appex */; settings = {ATTRIBUTES = (RemoveHeadersOnCopy, ); }; };
		D9714FB72C407851006EAD97 /* NetworkAPIImpl.swift in Sources */ = {isa = PBXBuildFile; fileRef = D9714FB62C407851006EAD97 /* NetworkAPIImpl.swift */; };
		D9714FB92C40CEDF006EAD97 /* UsageAPIImpl.swift in Sources */ = {isa = PBXBuildFile; fileRef = D9714FB82C40CEDF006EAD97 /* UsageAPIImpl.swift */; };
		D99B83172C2492D500CEF980 /* GenerativeAI-Info.plist in Resources */ = {isa = PBXBuildFile; fileRef = D99B83162C2492D500CEF980 /* GenerativeAI-Info.plist */; };
		D99B83192C24934C00CEF980 /* APIKey.swift in Sources */ = {isa = PBXBuildFile; fileRef = D99B83182C24934C00CEF980 /* APIKey.swift */; };
		D99B831E2C24950500CEF980 /* GoogleGenerativeAI in Frameworks */ = {isa = PBXBuildFile; productRef = D99B831D2C24950500CEF980 /* GoogleGenerativeAI */; };
		D9AD55F12C6DD4B800FC5962 /* compose-multiplatform.xml in Resources */ = {isa = PBXBuildFile; fileRef = D9AD55842C6DD4B800FC5962 /* compose-multiplatform.xml */; };
		D9AD55F22C6DD4B800FC5962 /* ic_awards.xml in Resources */ = {isa = PBXBuildFile; fileRef = D9AD55852C6DD4B800FC5962 /* ic_awards.xml */; };
		D9AD55F32C6DD4B800FC5962 /* ic_bubble_paywall.xml in Resources */ = {isa = PBXBuildFile; fileRef = D9AD55862C6DD4B800FC5962 /* ic_bubble_paywall.xml */; };
		D9AD55F42C6DD4B800FC5962 /* ic_chat_bubble.xml in Resources */ = {isa = PBXBuildFile; fileRef = D9AD55872C6DD4B800FC5962 /* ic_chat_bubble.xml */; };
		D9AD55F52C6DD4B800FC5962 /* ic_close.xml in Resources */ = {isa = PBXBuildFile; fileRef = D9AD55882C6DD4B800FC5962 /* ic_close.xml */; };
		D9AD55F62C6DD4B800FC5962 /* ic_help.xml in Resources */ = {isa = PBXBuildFile; fileRef = D9AD55892C6DD4B800FC5962 /* ic_help.xml */; };
		D9AD55F72C6DD4B800FC5962 /* ic_message_corner.xml in Resources */ = {isa = PBXBuildFile; fileRef = D9AD558A2C6DD4B800FC5962 /* ic_message_corner.xml */; };
		D9AD55F82C6DD4B800FC5962 /* ic_message.xml in Resources */ = {isa = PBXBuildFile; fileRef = D9AD558B2C6DD4B800FC5962 /* ic_message.xml */; };
		D9AD55F92C6DD4B800FC5962 /* ic_messages.xml in Resources */ = {isa = PBXBuildFile; fileRef = D9AD558C2C6DD4B800FC5962 /* ic_messages.xml */; };
		D9AD55FA2C6DD4B800FC5962 /* ic_objective.xml in Resources */ = {isa = PBXBuildFile; fileRef = D9AD558D2C6DD4B800FC5962 /* ic_objective.xml */; };
		D9AD55FB2C6DD4B800FC5962 /* ic_premium.xml in Resources */ = {isa = PBXBuildFile; fileRef = D9AD558E2C6DD4B800FC5962 /* ic_premium.xml */; };
		D9AD55FC2C6DD4B800FC5962 /* ic_send.xml in Resources */ = {isa = PBXBuildFile; fileRef = D9AD558F2C6DD4B800FC5962 /* ic_send.xml */; };
		D9AD55FD2C6DD4B800FC5962 /* ic_settings.xml in Resources */ = {isa = PBXBuildFile; fileRef = D9AD55902C6DD4B800FC5962 /* ic_settings.xml */; };
		D9AD55FE2C6DD4B800FC5962 /* ic_statistics.xml in Resources */ = {isa = PBXBuildFile; fileRef = D9AD55912C6DD4B800FC5962 /* ic_statistics.xml */; };
		D9AD55FF2C6DD4B800FC5962 /* ic_streak.xml in Resources */ = {isa = PBXBuildFile; fileRef = D9AD55922C6DD4B800FC5962 /* ic_streak.xml */; };
		D9AD56002C6DD4B800FC5962 /* ic_thumb_down_off.xml in Resources */ = {isa = PBXBuildFile; fileRef = D9AD55932C6DD4B800FC5962 /* ic_thumb_down_off.xml */; };
		D9AD56012C6DD4B800FC5962 /* ic_thumb_down.xml in Resources */ = {isa = PBXBuildFile; fileRef = D9AD55942C6DD4B800FC5962 /* ic_thumb_down.xml */; };
		D9AD56022C6DD4B800FC5962 /* strings.xml in Resources */ = {isa = PBXBuildFile; fileRef = D9AD55962C6DD4B800FC5962 /* strings.xml */; };
		D9AD56032C6DD4B800FC5962 /* DailyUsageStats.kt in Resources */ = {isa = PBXBuildFile; fileRef = D9AD55992C6DD4B800FC5962 /* DailyUsageStats.kt */; };
		D9AD56042C6DD4B800FC5962 /* NetworkAPI.kt in Resources */ = {isa = PBXBuildFile; fileRef = D9AD559A2C6DD4B800FC5962 /* NetworkAPI.kt */; };
		D9AD56052C6DD4B800FC5962 /* SendingData.kt in Resources */ = {isa = PBXBuildFile; fileRef = D9AD559B2C6DD4B800FC5962 /* SendingData.kt */; };
		D9AD56062C6DD4B800FC5962 /* UsageAPI.kt in Resources */ = {isa = PBXBuildFile; fileRef = D9AD559C2C6DD4B800FC5962 /* UsageAPI.kt */; };
		D9AD56072C6DD4B800FC5962 /* UsageStats.kt in Resources */ = {isa = PBXBuildFile; fileRef = D9AD559D2C6DD4B800FC5962 /* UsageStats.kt */; };
		D9AD56082C6DD4B800FC5962 /* AnalyticsAPI.kt in Resources */ = {isa = PBXBuildFile; fileRef = D9AD559F2C6DD4B800FC5962 /* AnalyticsAPI.kt */; };
		D9AD56092C6DD4B800FC5962 /* AuthAPI.kt in Resources */ = {isa = PBXBuildFile; fileRef = D9AD55A02C6DD4B800FC5962 /* AuthAPI.kt */; };
		D9AD560A2C6DD4B800FC5962 /* ChallengesAPI.kt in Resources */ = {isa = PBXBuildFile; fileRef = D9AD55A12C6DD4B800FC5962 /* ChallengesAPI.kt */; };
		D9AD560B2C6DD4B800FC5962 /* ChatMessagesAPI.kt in Resources */ = {isa = PBXBuildFile; fileRef = D9AD55A22C6DD4B800FC5962 /* ChatMessagesAPI.kt */; };
		D9AD560C2C6DD4B800FC5962 /* UserAPI.kt in Resources */ = {isa = PBXBuildFile; fileRef = D9AD55A32C6DD4B800FC5962 /* UserAPI.kt */; };
		D9AD560D2C6DD4B800FC5962 /* ChallengeRepositoryImpl.kt in Resources */ = {isa = PBXBuildFile; fileRef = D9AD55A52C6DD4B800FC5962 /* ChallengeRepositoryImpl.kt */; };
		D9AD560E2C6DD4B800FC5962 /* ChatRepositoryImpl.kt in Resources */ = {isa = PBXBuildFile; fileRef = D9AD55A62C6DD4B800FC5962 /* ChatRepositoryImpl.kt */; };
		D9AD560F2C6DD4B800FC5962 /* UserRepositoryImpl.kt in Resources */ = {isa = PBXBuildFile; fileRef = D9AD55A72C6DD4B800FC5962 /* UserRepositoryImpl.kt */; };
		D9AD56102C6DD4B800FC5962 /* FirebaseAuth.kt in Resources */ = {isa = PBXBuildFile; fileRef = D9AD55A92C6DD4B800FC5962 /* FirebaseAuth.kt */; };
		D9AD56112C6DD4B800FC5962 /* UsageStatsUtils.kt in Resources */ = {isa = PBXBuildFile; fileRef = D9AD55AA2C6DD4B800FC5962 /* UsageStatsUtils.kt */; };
		D9AD56122C6DD4B800FC5962 /* ChatAIAPIModule.kt in Resources */ = {isa = PBXBuildFile; fileRef = D9AD55AD2C6DD4B800FC5962 /* ChatAIAPIModule.kt */; };
		D9AD56132C6DD4B800FC5962 /* ComposeKoinDI.kt in Resources */ = {isa = PBXBuildFile; fileRef = D9AD55AE2C6DD4B800FC5962 /* ComposeKoinDI.kt */; };
		D9AD56142C6DD4B800FC5962 /* LocalAppProvidables.kt in Resources */ = {isa = PBXBuildFile; fileRef = D9AD55AF2C6DD4B800FC5962 /* LocalAppProvidables.kt */; };
		D9AD56152C6DD4B800FC5962 /* ComposeAsyncImageNode.kt in Resources */ = {isa = PBXBuildFile; fileRef = D9AD55B12C6DD4B800FC5962 /* ComposeAsyncImageNode.kt */; };
		D9AD56162C6DD4B800FC5962 /* ComposeColumn.kt in Resources */ = {isa = PBXBuildFile; fileRef = D9AD55B22C6DD4B800FC5962 /* ComposeColumn.kt */; };
		D9AD56172C6DD4B800FC5962 /* ComposeLayout.kt in Resources */ = {isa = PBXBuildFile; fileRef = D9AD55B32C6DD4B800FC5962 /* ComposeLayout.kt */; };
		D9AD56182C6DD4B800FC5962 /* ComposeNode.kt in Resources */ = {isa = PBXBuildFile; fileRef = D9AD55B42C6DD4B800FC5962 /* ComposeNode.kt */; };
		D9AD56192C6DD4B800FC5962 /* ComposeTextNode.kt in Resources */ = {isa = PBXBuildFile; fileRef = D9AD55B52C6DD4B800FC5962 /* ComposeTextNode.kt */; };
		D9AD561A2C6DD4B800FC5962 /* GenerativeUIUtils.kt in Resources */ = {isa = PBXBuildFile; fileRef = D9AD55B62C6DD4B800FC5962 /* GenerativeUIUtils.kt */; };
		D9AD561B2C6DD4B800FC5962 /* NodeModifier.kt in Resources */ = {isa = PBXBuildFile; fileRef = D9AD55B72C6DD4B800FC5962 /* NodeModifier.kt */; };
		D9AD561C2C6DD4B800FC5962 /* SerializableModels.kt in Resources */ = {isa = PBXBuildFile; fileRef = D9AD55B82C6DD4B800FC5962 /* SerializableModels.kt */; };
		D9AD561D2C6DD4B800FC5962 /* DomainToUIMapper.kt in Resources */ = {isa = PBXBuildFile; fileRef = D9AD55BA2C6DD4B800FC5962 /* DomainToUIMapper.kt */; };
		D9AD561E2C6DD4B800FC5962 /* UIToDomainMapper.kt in Resources */ = {isa = PBXBuildFile; fileRef = D9AD55BB2C6DD4B800FC5962 /* UIToDomainMapper.kt */; };
		D9AD561F2C6DD4B800FC5962 /* TrendTimeInForeground.kt in Resources */ = {isa = PBXBuildFile; fileRef = D9AD55BD2C6DD4B800FC5962 /* TrendTimeInForeground.kt */; };
		D9AD56202C6DD4B800FC5962 /* UIBenefit.kt in Resources */ = {isa = PBXBuildFile; fileRef = D9AD55BE2C6DD4B800FC5962 /* UIBenefit.kt */; };
		D9AD56212C6DD4B800FC5962 /* UICard.kt in Resources */ = {isa = PBXBuildFile; fileRef = D9AD55BF2C6DD4B800FC5962 /* UICard.kt */; };
		D9AD56222C6DD4B800FC5962 /* UIChallenge.kt in Resources */ = {isa = PBXBuildFile; fileRef = D9AD55C02C6DD4B800FC5962 /* UIChallenge.kt */; };
		D9AD56232C6DD4B800FC5962 /* UIDailyUsageStats.kt in Resources */ = {isa = PBXBuildFile; fileRef = D9AD55C12C6DD4B800FC5962 /* UIDailyUsageStats.kt */; };
		D9AD56242C6DD4B800FC5962 /* UIMessage.kt in Resources */ = {isa = PBXBuildFile; fileRef = D9AD55C22C6DD4B800FC5962 /* UIMessage.kt */; };
		D9AD56252C6DD4B800FC5962 /* UIPaymentPlan.kt in Resources */ = {isa = PBXBuildFile; fileRef = D9AD55C32C6DD4B800FC5962 /* UIPaymentPlan.kt */; };
		D9AD56262C6DD4B800FC5962 /* UIUsageStats.kt in Resources */ = {isa = PBXBuildFile; fileRef = D9AD55C42C6DD4B800FC5962 /* UIUsageStats.kt */; };
		D9AD56272C6DD4B800FC5962 /* UIUser.kt in Resources */ = {isa = PBXBuildFile; fileRef = D9AD55C52C6DD4B800FC5962 /* UIUser.kt */; };
		D9AD56282C6DD4B800FC5962 /* BubbleTopAppBar.kt in Resources */ = {isa = PBXBuildFile; fileRef = D9AD55C72C6DD4B800FC5962 /* BubbleTopAppBar.kt */; };
		D9AD56292C6DD4B800FC5962 /* BubbleMessageCard.kt in Resources */ = {isa = PBXBuildFile; fileRef = D9AD55C92C6DD4B800FC5962 /* BubbleMessageCard.kt */; };
		D9AD562A2C6DD4B800FC5962 /* BubbleMessagesBox.kt in Resources */ = {isa = PBXBuildFile; fileRef = D9AD55CA2C6DD4B800FC5962 /* BubbleMessagesBox.kt */; };
		D9AD562B2C6DD4B800FC5962 /* BubblerMessageCard.kt in Resources */ = {isa = PBXBuildFile; fileRef = D9AD55CB2C6DD4B800FC5962 /* BubblerMessageCard.kt */; };
		D9AD562C2C6DD4B800FC5962 /* BubbleTabActions.kt in Resources */ = {isa = PBXBuildFile; fileRef = D9AD55CC2C6DD4B800FC5962 /* BubbleTabActions.kt */; };
		D9AD562D2C6DD4B800FC5962 /* BubbleTabTitle.kt in Resources */ = {isa = PBXBuildFile; fileRef = D9AD55CD2C6DD4B800FC5962 /* BubbleTabTitle.kt */; };
		D9AD562E2C6DD4B800FC5962 /* BubbleTextField.kt in Resources */ = {isa = PBXBuildFile; fileRef = D9AD55CE2C6DD4B800FC5962 /* BubbleTextField.kt */; };
		D9AD562F2C6DD4B800FC5962 /* ChallengesCategories.kt in Resources */ = {isa = PBXBuildFile; fileRef = D9AD55D02C6DD4B800FC5962 /* ChallengesCategories.kt */; };
		D9AD56302C6DD4B800FC5962 /* DonorsShorts.kt in Resources */ = {isa = PBXBuildFile; fileRef = D9AD55D12C6DD4B800FC5962 /* DonorsShorts.kt */; };
		D9AD56312C6DD4B800FC5962 /* BubbleTab.kt in Resources */ = {isa = PBXBuildFile; fileRef = D9AD55D32C6DD4B800FC5962 /* BubbleTab.kt */; };
		D9AD56322C6DD4B800FC5962 /* HomeTab.kt in Resources */ = {isa = PBXBuildFile; fileRef = D9AD55D42C6DD4B800FC5962 /* HomeTab.kt */; };
		D9AD56332C6DD4B800FC5962 /* ProfileTab.kt in Resources */ = {isa = PBXBuildFile; fileRef = D9AD55D52C6DD4B800FC5962 /* ProfileTab.kt */; };
		D9AD56342C6DD4B800FC5962 /* CardsSection.kt in Resources */ = {isa = PBXBuildFile; fileRef = D9AD55D72C6DD4B800FC5962 /* CardsSection.kt */; };
		D9AD56352C6DD4B800FC5962 /* ChallengeScreen.kt in Resources */ = {isa = PBXBuildFile; fileRef = D9AD55D82C6DD4B800FC5962 /* ChallengeScreen.kt */; };
		D9AD56362C6DD4B800FC5962 /* MainScreen.kt in Resources */ = {isa = PBXBuildFile; fileRef = D9AD55D92C6DD4B800FC5962 /* MainScreen.kt */; };
		D9AD56372C6DD4B800FC5962 /* PaywallScreen.kt in Resources */ = {isa = PBXBuildFile; fileRef = D9AD55DA2C6DD4B800FC5962 /* PaywallScreen.kt */; };
		D9AD56382C6DD4B800FC5962 /* BubbleTabScreenModel.kt in Resources */ = {isa = PBXBuildFile; fileRef = D9AD55DC2C6DD4B800FC5962 /* BubbleTabScreenModel.kt */; };
		D9AD56392C6DD4B800FC5962 /* BubbleTopAppBarScreenModel.kt in Resources */ = {isa = PBXBuildFile; fileRef = D9AD55DD2C6DD4B800FC5962 /* BubbleTopAppBarScreenModel.kt */; };
		D9AD563A2C6DD4B800FC5962 /* ProfileTabScreenModel.kt in Resources */ = {isa = PBXBuildFile; fileRef = D9AD55DE2C6DD4B800FC5962 /* ProfileTabScreenModel.kt */; };
		D9AD563B2C6DD4B800FC5962 /* Color.kt in Resources */ = {isa = PBXBuildFile; fileRef = D9AD55E02C6DD4B800FC5962 /* Color.kt */; };
		D9AD563C2C6DD4B800FC5962 /* Theme.kt in Resources */ = {isa = PBXBuildFile; fileRef = D9AD55E12C6DD4B800FC5962 /* Theme.kt */; };
		D9AD563D2C6DD4B800FC5962 /* App.kt in Resources */ = {isa = PBXBuildFile; fileRef = D9AD55E52C6DD4B800FC5962 /* App.kt */; };
		D9AD563E2C6DD4B800FC5962 /* Greeting.kt in Resources */ = {isa = PBXBuildFile; fileRef = D9AD55E62C6DD4B800FC5962 /* Greeting.kt */; };
		D9AD563F2C6DD4B800FC5962 /* Platform.kt in Resources */ = {isa = PBXBuildFile; fileRef = D9AD55E72C6DD4B800FC5962 /* Platform.kt */; };
		D9AD56402C6DD4B800FC5962 /* ChatAIAPIModule.ios.kt in Resources */ = {isa = PBXBuildFile; fileRef = D9AD55EB2C6DD4B800FC5962 /* ChatAIAPIModule.ios.kt */; };
		D9AD56412C6DD4B800FC5962 /* MainViewController.kt in Resources */ = {isa = PBXBuildFile; fileRef = D9AD55ED2C6DD4B800FC5962 /* MainViewController.kt */; };
		D9AD56422C6DD4B800FC5962 /* Platform.ios.kt in Resources */ = {isa = PBXBuildFile; fileRef = D9AD55EE2C6DD4B800FC5962 /* Platform.ios.kt */; };
		D9C0AABB2C5D3D4D00A43663 /* FirebaseAnalytics in Frameworks */ = {isa = PBXBuildFile; productRef = D9C0AABA2C5D3D4D00A43663 /* FirebaseAnalytics */; };
		D9C0AABD2C5D3D4D00A43663 /* FirebaseAuth in Frameworks */ = {isa = PBXBuildFile; productRef = D9C0AABC2C5D3D4D00A43663 /* FirebaseAuth */; };
		D9C0AABF2C5D3D4D00A43663 /* FirebaseCrashlytics in Frameworks */ = {isa = PBXBuildFile; productRef = D9C0AABE2C5D3D4D00A43663 /* FirebaseCrashlytics */; };
		D9C0AAC12C5D3D4D00A43663 /* FirebaseDatabase in Frameworks */ = {isa = PBXBuildFile; productRef = D9C0AAC02C5D3D4D00A43663 /* FirebaseDatabase */; };
/* End PBXBuildFile section */

/* Begin PBXContainerItemProxy section */
		D97108B02C392D680054DBE0 /* PBXContainerItemProxy */ = {
			isa = PBXContainerItemProxy;
			containerPortal = 7555FF73242A565900829871 /* Project object */;
			proxyType = 1;
			remoteGlobalIDString = D97108A52C392D680054DBE0;
			remoteInfo = ReportExtension;
		};
/* End PBXContainerItemProxy section */

/* Begin PBXCopyFilesBuildPhase section */
		D971089F2C392B920054DBE0 /* Embed ExtensionKit Extensions */ = {
			isa = PBXCopyFilesBuildPhase;
			buildActionMask = 2147483647;
			dstPath = "$(EXTENSIONS_FOLDER_PATH)";
			dstSubfolderSpec = 16;
			files = (
				D97108B22C392D680054DBE0 /* ReportExtension.appex in Embed ExtensionKit Extensions */,
			);
			name = "Embed ExtensionKit Extensions";
			runOnlyForDeploymentPostprocessing = 0;
		};
/* End PBXCopyFilesBuildPhase section */

/* Begin PBXFileReference section */
		058557BA273AAA24004C7B11 /* Assets.xcassets */ = {isa = PBXFileReference; lastKnownFileType = folder.assetcatalog; path = Assets.xcassets; sourceTree = "<group>"; };
		058557D8273AAEEB004C7B11 /* Preview Assets.xcassets */ = {isa = PBXFileReference; lastKnownFileType = folder.assetcatalog; path = "Preview Assets.xcassets"; sourceTree = "<group>"; };
		2152FB032600AC8F00CF470E /* iOSApp.swift */ = {isa = PBXFileReference; lastKnownFileType = sourcecode.swift; path = iOSApp.swift; sourceTree = "<group>"; };
		7555FF7B242A565900829871 /* Bubble.app */ = {isa = PBXFileReference; explicitFileType = wrapper.application; includeInIndex = 0; path = Bubble.app; sourceTree = BUILT_PRODUCTS_DIR; };
		7555FF82242A565900829871 /* ContentView.swift */ = {isa = PBXFileReference; lastKnownFileType = sourcecode.swift; path = ContentView.swift; sourceTree = "<group>"; };
		7555FF8C242A565B00829871 /* Info.plist */ = {isa = PBXFileReference; lastKnownFileType = text.plist.xml; path = Info.plist; sourceTree = "<group>"; };
		AB3632DC29227652001CCB65 /* Config.xcconfig */ = {isa = PBXFileReference; fileEncoding = 4; lastKnownFileType = text.xcconfig; path = Config.xcconfig; sourceTree = "<group>"; };
		D92474E72C39326300231855 /* FamilyControls.framework */ = {isa = PBXFileReference; lastKnownFileType = wrapper.framework; name = FamilyControls.framework; path = System/Library/Frameworks/FamilyControls.framework; sourceTree = SDKROOT; };
		D92474E92C3932D100231855 /* iosAppRelease.entitlements */ = {isa = PBXFileReference; lastKnownFileType = text.plist.entitlements; path = iosAppRelease.entitlements; sourceTree = "<group>"; };
		D933A8782C5ABEE300B572BA /* GoogleService-Info.plist */ = {isa = PBXFileReference; fileEncoding = 4; lastKnownFileType = text.plist.xml; path = "GoogleService-Info.plist"; sourceTree = "<group>"; };
		D97108A02C392C550054DBE0 /* ScreenTimeApp.swift */ = {isa = PBXFileReference; lastKnownFileType = sourcecode.swift; path = ScreenTimeApp.swift; sourceTree = "<group>"; };
		D97108A62C392D680054DBE0 /* ReportExtension.appex */ = {isa = PBXFileReference; explicitFileType = "wrapper.extensionkit-extension"; includeInIndex = 0; path = ReportExtension.appex; sourceTree = BUILT_PRODUCTS_DIR; };
		D97108A82C392D680054DBE0 /* ReportExtension.swift */ = {isa = PBXFileReference; lastKnownFileType = sourcecode.swift; path = ReportExtension.swift; sourceTree = "<group>"; };
		D97108AA2C392D680054DBE0 /* TotalActivityReport.swift */ = {isa = PBXFileReference; lastKnownFileType = sourcecode.swift; path = TotalActivityReport.swift; sourceTree = "<group>"; };
		D97108AC2C392D680054DBE0 /* TotalActivityView.swift */ = {isa = PBXFileReference; lastKnownFileType = sourcecode.swift; path = TotalActivityView.swift; sourceTree = "<group>"; };
		D97108AE2C392D680054DBE0 /* Info.plist */ = {isa = PBXFileReference; lastKnownFileType = text.plist.xml; path = Info.plist; sourceTree = "<group>"; };
		D97108AF2C392D680054DBE0 /* ReportExtension.entitlements */ = {isa = PBXFileReference; lastKnownFileType = text.plist.entitlements; path = ReportExtension.entitlements; sourceTree = "<group>"; };
		D9714FB62C407851006EAD97 /* NetworkAPIImpl.swift */ = {isa = PBXFileReference; lastKnownFileType = sourcecode.swift; path = NetworkAPIImpl.swift; sourceTree = "<group>"; };
		D9714FB82C40CEDF006EAD97 /* UsageAPIImpl.swift */ = {isa = PBXFileReference; lastKnownFileType = sourcecode.swift; path = UsageAPIImpl.swift; sourceTree = "<group>"; };
		D99B83162C2492D500CEF980 /* GenerativeAI-Info.plist */ = {isa = PBXFileReference; lastKnownFileType = text.plist.xml; path = "GenerativeAI-Info.plist"; sourceTree = "<group>"; };
		D99B83182C24934C00CEF980 /* APIKey.swift */ = {isa = PBXFileReference; lastKnownFileType = sourcecode.swift; path = APIKey.swift; sourceTree = "<group>"; };
		D9AD55842C6DD4B800FC5962 /* compose-multiplatform.xml */ = {isa = PBXFileReference; fileEncoding = 4; lastKnownFileType = text.xml; path = "compose-multiplatform.xml"; sourceTree = "<group>"; };
		D9AD55852C6DD4B800FC5962 /* ic_awards.xml */ = {isa = PBXFileReference; fileEncoding = 4; lastKnownFileType = text.xml; path = ic_awards.xml; sourceTree = "<group>"; };
		D9AD55862C6DD4B800FC5962 /* ic_bubble_paywall.xml */ = {isa = PBXFileReference; fileEncoding = 4; lastKnownFileType = text.xml; path = ic_bubble_paywall.xml; sourceTree = "<group>"; };
		D9AD55872C6DD4B800FC5962 /* ic_chat_bubble.xml */ = {isa = PBXFileReference; fileEncoding = 4; lastKnownFileType = text.xml; path = ic_chat_bubble.xml; sourceTree = "<group>"; };
		D9AD55882C6DD4B800FC5962 /* ic_close.xml */ = {isa = PBXFileReference; fileEncoding = 4; lastKnownFileType = text.xml; path = ic_close.xml; sourceTree = "<group>"; };
		D9AD55892C6DD4B800FC5962 /* ic_help.xml */ = {isa = PBXFileReference; fileEncoding = 4; lastKnownFileType = text.xml; path = ic_help.xml; sourceTree = "<group>"; };
		D9AD558A2C6DD4B800FC5962 /* ic_message_corner.xml */ = {isa = PBXFileReference; fileEncoding = 4; lastKnownFileType = text.xml; path = ic_message_corner.xml; sourceTree = "<group>"; };
		D9AD558B2C6DD4B800FC5962 /* ic_message.xml */ = {isa = PBXFileReference; fileEncoding = 4; lastKnownFileType = text.xml; path = ic_message.xml; sourceTree = "<group>"; };
		D9AD558C2C6DD4B800FC5962 /* ic_messages.xml */ = {isa = PBXFileReference; fileEncoding = 4; lastKnownFileType = text.xml; path = ic_messages.xml; sourceTree = "<group>"; };
		D9AD558D2C6DD4B800FC5962 /* ic_objective.xml */ = {isa = PBXFileReference; fileEncoding = 4; lastKnownFileType = text.xml; path = ic_objective.xml; sourceTree = "<group>"; };
		D9AD558E2C6DD4B800FC5962 /* ic_premium.xml */ = {isa = PBXFileReference; fileEncoding = 4; lastKnownFileType = text.xml; path = ic_premium.xml; sourceTree = "<group>"; };
		D9AD558F2C6DD4B800FC5962 /* ic_send.xml */ = {isa = PBXFileReference; fileEncoding = 4; lastKnownFileType = text.xml; path = ic_send.xml; sourceTree = "<group>"; };
		D9AD55902C6DD4B800FC5962 /* ic_settings.xml */ = {isa = PBXFileReference; fileEncoding = 4; lastKnownFileType = text.xml; path = ic_settings.xml; sourceTree = "<group>"; };
		D9AD55912C6DD4B800FC5962 /* ic_statistics.xml */ = {isa = PBXFileReference; fileEncoding = 4; lastKnownFileType = text.xml; path = ic_statistics.xml; sourceTree = "<group>"; };
		D9AD55922C6DD4B800FC5962 /* ic_streak.xml */ = {isa = PBXFileReference; fileEncoding = 4; lastKnownFileType = text.xml; path = ic_streak.xml; sourceTree = "<group>"; };
		D9AD55932C6DD4B800FC5962 /* ic_thumb_down_off.xml */ = {isa = PBXFileReference; fileEncoding = 4; lastKnownFileType = text.xml; path = ic_thumb_down_off.xml; sourceTree = "<group>"; };
		D9AD55942C6DD4B800FC5962 /* ic_thumb_down.xml */ = {isa = PBXFileReference; fileEncoding = 4; lastKnownFileType = text.xml; path = ic_thumb_down.xml; sourceTree = "<group>"; };
		D9AD55962C6DD4B800FC5962 /* strings.xml */ = {isa = PBXFileReference; fileEncoding = 4; lastKnownFileType = text.xml; path = strings.xml; sourceTree = "<group>"; };
		D9AD55992C6DD4B800FC5962 /* DailyUsageStats.kt */ = {isa = PBXFileReference; fileEncoding = 4; lastKnownFileType = text; path = DailyUsageStats.kt; sourceTree = "<group>"; };
		D9AD559A2C6DD4B800FC5962 /* NetworkAPI.kt */ = {isa = PBXFileReference; fileEncoding = 4; lastKnownFileType = text; path = NetworkAPI.kt; sourceTree = "<group>"; };
		D9AD559B2C6DD4B800FC5962 /* SendingData.kt */ = {isa = PBXFileReference; fileEncoding = 4; lastKnownFileType = text; path = SendingData.kt; sourceTree = "<group>"; };
		D9AD559C2C6DD4B800FC5962 /* UsageAPI.kt */ = {isa = PBXFileReference; fileEncoding = 4; lastKnownFileType = text; path = UsageAPI.kt; sourceTree = "<group>"; };
		D9AD559D2C6DD4B800FC5962 /* UsageStats.kt */ = {isa = PBXFileReference; fileEncoding = 4; lastKnownFileType = text; path = UsageStats.kt; sourceTree = "<group>"; };
		D9AD559F2C6DD4B800FC5962 /* AnalyticsAPI.kt */ = {isa = PBXFileReference; fileEncoding = 4; lastKnownFileType = text; path = AnalyticsAPI.kt; sourceTree = "<group>"; };
		D9AD55A02C6DD4B800FC5962 /* AuthAPI.kt */ = {isa = PBXFileReference; fileEncoding = 4; lastKnownFileType = text; path = AuthAPI.kt; sourceTree = "<group>"; };
		D9AD55A12C6DD4B800FC5962 /* ChallengesAPI.kt */ = {isa = PBXFileReference; fileEncoding = 4; lastKnownFileType = text; path = ChallengesAPI.kt; sourceTree = "<group>"; };
		D9AD55A22C6DD4B800FC5962 /* ChatMessagesAPI.kt */ = {isa = PBXFileReference; fileEncoding = 4; lastKnownFileType = text; path = ChatMessagesAPI.kt; sourceTree = "<group>"; };
		D9AD55A32C6DD4B800FC5962 /* UserAPI.kt */ = {isa = PBXFileReference; fileEncoding = 4; lastKnownFileType = text; path = UserAPI.kt; sourceTree = "<group>"; };
		D9AD55A52C6DD4B800FC5962 /* ChallengeRepositoryImpl.kt */ = {isa = PBXFileReference; fileEncoding = 4; lastKnownFileType = text; path = ChallengeRepositoryImpl.kt; sourceTree = "<group>"; };
		D9AD55A62C6DD4B800FC5962 /* ChatRepositoryImpl.kt */ = {isa = PBXFileReference; fileEncoding = 4; lastKnownFileType = text; path = ChatRepositoryImpl.kt; sourceTree = "<group>"; };
		D9AD55A72C6DD4B800FC5962 /* UserRepositoryImpl.kt */ = {isa = PBXFileReference; fileEncoding = 4; lastKnownFileType = text; path = UserRepositoryImpl.kt; sourceTree = "<group>"; };
		D9AD55A92C6DD4B800FC5962 /* FirebaseAuth.kt */ = {isa = PBXFileReference; fileEncoding = 4; lastKnownFileType = text; path = FirebaseAuth.kt; sourceTree = "<group>"; };
		D9AD55AA2C6DD4B800FC5962 /* UsageStatsUtils.kt */ = {isa = PBXFileReference; fileEncoding = 4; lastKnownFileType = text; path = UsageStatsUtils.kt; sourceTree = "<group>"; };
		D9AD55AD2C6DD4B800FC5962 /* ChatAIAPIModule.kt */ = {isa = PBXFileReference; fileEncoding = 4; lastKnownFileType = text; path = ChatAIAPIModule.kt; sourceTree = "<group>"; };
		D9AD55AE2C6DD4B800FC5962 /* ComposeKoinDI.kt */ = {isa = PBXFileReference; fileEncoding = 4; lastKnownFileType = text; path = ComposeKoinDI.kt; sourceTree = "<group>"; };
		D9AD55AF2C6DD4B800FC5962 /* LocalAppProvidables.kt */ = {isa = PBXFileReference; fileEncoding = 4; lastKnownFileType = text; path = LocalAppProvidables.kt; sourceTree = "<group>"; };
		D9AD55B12C6DD4B800FC5962 /* ComposeAsyncImageNode.kt */ = {isa = PBXFileReference; fileEncoding = 4; lastKnownFileType = text; path = ComposeAsyncImageNode.kt; sourceTree = "<group>"; };
		D9AD55B22C6DD4B800FC5962 /* ComposeColumn.kt */ = {isa = PBXFileReference; fileEncoding = 4; lastKnownFileType = text; path = ComposeColumn.kt; sourceTree = "<group>"; };
		D9AD55B32C6DD4B800FC5962 /* ComposeLayout.kt */ = {isa = PBXFileReference; fileEncoding = 4; lastKnownFileType = text; path = ComposeLayout.kt; sourceTree = "<group>"; };
		D9AD55B42C6DD4B800FC5962 /* ComposeNode.kt */ = {isa = PBXFileReference; fileEncoding = 4; lastKnownFileType = text; path = ComposeNode.kt; sourceTree = "<group>"; };
		D9AD55B52C6DD4B800FC5962 /* ComposeTextNode.kt */ = {isa = PBXFileReference; fileEncoding = 4; lastKnownFileType = text; path = ComposeTextNode.kt; sourceTree = "<group>"; };
		D9AD55B62C6DD4B800FC5962 /* GenerativeUIUtils.kt */ = {isa = PBXFileReference; fileEncoding = 4; lastKnownFileType = text; path = GenerativeUIUtils.kt; sourceTree = "<group>"; };
		D9AD55B72C6DD4B800FC5962 /* NodeModifier.kt */ = {isa = PBXFileReference; fileEncoding = 4; lastKnownFileType = text; path = NodeModifier.kt; sourceTree = "<group>"; };
		D9AD55B82C6DD4B800FC5962 /* SerializableModels.kt */ = {isa = PBXFileReference; fileEncoding = 4; lastKnownFileType = text; path = SerializableModels.kt; sourceTree = "<group>"; };
		D9AD55BA2C6DD4B800FC5962 /* DomainToUIMapper.kt */ = {isa = PBXFileReference; fileEncoding = 4; lastKnownFileType = text; path = DomainToUIMapper.kt; sourceTree = "<group>"; };
		D9AD55BB2C6DD4B800FC5962 /* UIToDomainMapper.kt */ = {isa = PBXFileReference; fileEncoding = 4; lastKnownFileType = text; path = UIToDomainMapper.kt; sourceTree = "<group>"; };
		D9AD55BD2C6DD4B800FC5962 /* TrendTimeInForeground.kt */ = {isa = PBXFileReference; fileEncoding = 4; lastKnownFileType = text; path = TrendTimeInForeground.kt; sourceTree = "<group>"; };
		D9AD55BE2C6DD4B800FC5962 /* UIBenefit.kt */ = {isa = PBXFileReference; fileEncoding = 4; lastKnownFileType = text; path = UIBenefit.kt; sourceTree = "<group>"; };
		D9AD55BF2C6DD4B800FC5962 /* UICard.kt */ = {isa = PBXFileReference; fileEncoding = 4; lastKnownFileType = text; path = UICard.kt; sourceTree = "<group>"; };
		D9AD55C02C6DD4B800FC5962 /* UIChallenge.kt */ = {isa = PBXFileReference; fileEncoding = 4; lastKnownFileType = text; path = UIChallenge.kt; sourceTree = "<group>"; };
		D9AD55C12C6DD4B800FC5962 /* UIDailyUsageStats.kt */ = {isa = PBXFileReference; fileEncoding = 4; lastKnownFileType = text; path = UIDailyUsageStats.kt; sourceTree = "<group>"; };
		D9AD55C22C6DD4B800FC5962 /* UIMessage.kt */ = {isa = PBXFileReference; fileEncoding = 4; lastKnownFileType = text; path = UIMessage.kt; sourceTree = "<group>"; };
		D9AD55C32C6DD4B800FC5962 /* UIPaymentPlan.kt */ = {isa = PBXFileReference; fileEncoding = 4; lastKnownFileType = text; path = UIPaymentPlan.kt; sourceTree = "<group>"; };
		D9AD55C42C6DD4B800FC5962 /* UIUsageStats.kt */ = {isa = PBXFileReference; fileEncoding = 4; lastKnownFileType = text; path = UIUsageStats.kt; sourceTree = "<group>"; };
		D9AD55C52C6DD4B800FC5962 /* UIUser.kt */ = {isa = PBXFileReference; fileEncoding = 4; lastKnownFileType = text; path = UIUser.kt; sourceTree = "<group>"; };
		D9AD55C72C6DD4B800FC5962 /* BubbleTopAppBar.kt */ = {isa = PBXFileReference; fileEncoding = 4; lastKnownFileType = text; path = BubbleTopAppBar.kt; sourceTree = "<group>"; };
		D9AD55C92C6DD4B800FC5962 /* BubbleMessageCard.kt */ = {isa = PBXFileReference; fileEncoding = 4; lastKnownFileType = text; path = BubbleMessageCard.kt; sourceTree = "<group>"; };
		D9AD55CA2C6DD4B800FC5962 /* BubbleMessagesBox.kt */ = {isa = PBXFileReference; fileEncoding = 4; lastKnownFileType = text; path = BubbleMessagesBox.kt; sourceTree = "<group>"; };
		D9AD55CB2C6DD4B800FC5962 /* BubblerMessageCard.kt */ = {isa = PBXFileReference; fileEncoding = 4; lastKnownFileType = text; path = BubblerMessageCard.kt; sourceTree = "<group>"; };
		D9AD55CC2C6DD4B800FC5962 /* BubbleTabActions.kt */ = {isa = PBXFileReference; fileEncoding = 4; lastKnownFileType = text; path = BubbleTabActions.kt; sourceTree = "<group>"; };
		D9AD55CD2C6DD4B800FC5962 /* BubbleTabTitle.kt */ = {isa = PBXFileReference; fileEncoding = 4; lastKnownFileType = text; path = BubbleTabTitle.kt; sourceTree = "<group>"; };
		D9AD55CE2C6DD4B800FC5962 /* BubbleTextField.kt */ = {isa = PBXFileReference; fileEncoding = 4; lastKnownFileType = text; path = BubbleTextField.kt; sourceTree = "<group>"; };
		D9AD55D02C6DD4B800FC5962 /* ChallengesCategories.kt */ = {isa = PBXFileReference; fileEncoding = 4; lastKnownFileType = text; path = ChallengesCategories.kt; sourceTree = "<group>"; };
		D9AD55D12C6DD4B800FC5962 /* DonorsShorts.kt */ = {isa = PBXFileReference; fileEncoding = 4; lastKnownFileType = text; path = DonorsShorts.kt; sourceTree = "<group>"; };
		D9AD55D32C6DD4B800FC5962 /* BubbleTab.kt */ = {isa = PBXFileReference; fileEncoding = 4; lastKnownFileType = text; path = BubbleTab.kt; sourceTree = "<group>"; };
		D9AD55D42C6DD4B800FC5962 /* HomeTab.kt */ = {isa = PBXFileReference; fileEncoding = 4; lastKnownFileType = text; path = HomeTab.kt; sourceTree = "<group>"; };
		D9AD55D52C6DD4B800FC5962 /* ProfileTab.kt */ = {isa = PBXFileReference; fileEncoding = 4; lastKnownFileType = text; path = ProfileTab.kt; sourceTree = "<group>"; };
		D9AD55D72C6DD4B800FC5962 /* CardsSection.kt */ = {isa = PBXFileReference; fileEncoding = 4; lastKnownFileType = text; path = CardsSection.kt; sourceTree = "<group>"; };
		D9AD55D82C6DD4B800FC5962 /* ChallengeScreen.kt */ = {isa = PBXFileReference; fileEncoding = 4; lastKnownFileType = text; path = ChallengeScreen.kt; sourceTree = "<group>"; };
		D9AD55D92C6DD4B800FC5962 /* MainScreen.kt */ = {isa = PBXFileReference; fileEncoding = 4; lastKnownFileType = text; path = MainScreen.kt; sourceTree = "<group>"; };
		D9AD55DA2C6DD4B800FC5962 /* PaywallScreen.kt */ = {isa = PBXFileReference; fileEncoding = 4; lastKnownFileType = text; path = PaywallScreen.kt; sourceTree = "<group>"; };
		D9AD55DC2C6DD4B800FC5962 /* BubbleTabScreenModel.kt */ = {isa = PBXFileReference; fileEncoding = 4; lastKnownFileType = text; path = BubbleTabScreenModel.kt; sourceTree = "<group>"; };
		D9AD55DD2C6DD4B800FC5962 /* BubbleTopAppBarScreenModel.kt */ = {isa = PBXFileReference; fileEncoding = 4; lastKnownFileType = text; path = BubbleTopAppBarScreenModel.kt; sourceTree = "<group>"; };
		D9AD55DE2C6DD4B800FC5962 /* ProfileTabScreenModel.kt */ = {isa = PBXFileReference; fileEncoding = 4; lastKnownFileType = text; path = ProfileTabScreenModel.kt; sourceTree = "<group>"; };
		D9AD55E02C6DD4B800FC5962 /* Color.kt */ = {isa = PBXFileReference; fileEncoding = 4; lastKnownFileType = text; path = Color.kt; sourceTree = "<group>"; };
		D9AD55E12C6DD4B800FC5962 /* Theme.kt */ = {isa = PBXFileReference; fileEncoding = 4; lastKnownFileType = text; path = Theme.kt; sourceTree = "<group>"; };
		D9AD55E52C6DD4B800FC5962 /* App.kt */ = {isa = PBXFileReference; fileEncoding = 4; lastKnownFileType = text; path = App.kt; sourceTree = "<group>"; };
		D9AD55E62C6DD4B800FC5962 /* Greeting.kt */ = {isa = PBXFileReference; fileEncoding = 4; lastKnownFileType = text; path = Greeting.kt; sourceTree = "<group>"; };
		D9AD55E72C6DD4B800FC5962 /* Platform.kt */ = {isa = PBXFileReference; fileEncoding = 4; lastKnownFileType = text; path = Platform.kt; sourceTree = "<group>"; };
		D9AD55EB2C6DD4B800FC5962 /* ChatAIAPIModule.ios.kt */ = {isa = PBXFileReference; fileEncoding = 4; lastKnownFileType = text; path = ChatAIAPIModule.ios.kt; sourceTree = "<group>"; };
		D9AD55ED2C6DD4B800FC5962 /* MainViewController.kt */ = {isa = PBXFileReference; fileEncoding = 4; lastKnownFileType = text; path = MainViewController.kt; sourceTree = "<group>"; };
		D9AD55EE2C6DD4B800FC5962 /* Platform.ios.kt */ = {isa = PBXFileReference; fileEncoding = 4; lastKnownFileType = text; path = Platform.ios.kt; sourceTree = "<group>"; };
/* End PBXFileReference section */

/* Begin PBXFrameworksBuildPhase section */
		B92378962B6B1156000C7307 /* Frameworks */ = {
			isa = PBXFrameworksBuildPhase;
			buildActionMask = 2147483647;
			files = (
				D9C0AAC12C5D3D4D00A43663 /* FirebaseDatabase in Frameworks */,
				D9C0AABB2C5D3D4D00A43663 /* FirebaseAnalytics in Frameworks */,
				D9C0AABF2C5D3D4D00A43663 /* FirebaseCrashlytics in Frameworks */,
				D9C0AABD2C5D3D4D00A43663 /* FirebaseAuth in Frameworks */,
				D99B831E2C24950500CEF980 /* GoogleGenerativeAI in Frameworks */,
			);
			runOnlyForDeploymentPostprocessing = 0;
		};
		D97108A32C392D680054DBE0 /* Frameworks */ = {
			isa = PBXFrameworksBuildPhase;
			buildActionMask = 2147483647;
			files = (
			);
			runOnlyForDeploymentPostprocessing = 0;
		};
/* End PBXFrameworksBuildPhase section */

/* Begin PBXGroup section */
		058557D7273AAEEB004C7B11 /* Preview Content */ = {
			isa = PBXGroup;
			children = (
				058557D8273AAEEB004C7B11 /* Preview Assets.xcassets */,
			);
			path = "Preview Content";
			sourceTree = "<group>";
		};
		42799AB246E5F90AF97AA0EF /* Frameworks */ = {
			isa = PBXGroup;
			children = (
				D92474E72C39326300231855 /* FamilyControls.framework */,
			);
			name = Frameworks;
			sourceTree = "<group>";
		};
		7555FF72242A565900829871 = {
			isa = PBXGroup;
			children = (
				D9AD55832C6DD48100FC5962 /* Kotlin Debug */,
				AB1DB47929225F7C00F7AF9C /* Configuration */,
				7555FF7D242A565900829871 /* iosApp */,
				D97108A72C392D680054DBE0 /* ReportExtension */,
				7555FF7C242A565900829871 /* Products */,
				42799AB246E5F90AF97AA0EF /* Frameworks */,
			);
			sourceTree = "<group>";
		};
		7555FF7C242A565900829871 /* Products */ = {
			isa = PBXGroup;
			children = (
				7555FF7B242A565900829871 /* Bubble.app */,
				D97108A62C392D680054DBE0 /* ReportExtension.appex */,
			);
			name = Products;
			sourceTree = "<group>";
		};
		7555FF7D242A565900829871 /* iosApp */ = {
			isa = PBXGroup;
			children = (
				D933A8782C5ABEE300B572BA /* GoogleService-Info.plist */,
				D9714FB52C40783C006EAD97 /* Data */,
				D92474E92C3932D100231855 /* iosAppRelease.entitlements */,
				058557BA273AAA24004C7B11 /* Assets.xcassets */,
				7555FF82242A565900829871 /* ContentView.swift */,
				7555FF8C242A565B00829871 /* Info.plist */,
				2152FB032600AC8F00CF470E /* iOSApp.swift */,
				058557D7273AAEEB004C7B11 /* Preview Content */,
				D99B83162C2492D500CEF980 /* GenerativeAI-Info.plist */,
				D99B83182C24934C00CEF980 /* APIKey.swift */,
				D97108A02C392C550054DBE0 /* ScreenTimeApp.swift */,
			);
			path = iosApp;
			sourceTree = "<group>";
		};
		AB1DB47929225F7C00F7AF9C /* Configuration */ = {
			isa = PBXGroup;
			children = (
				AB3632DC29227652001CCB65 /* Config.xcconfig */,
			);
			path = Configuration;
			sourceTree = "<group>";
		};
		D97108A72C392D680054DBE0 /* ReportExtension */ = {
			isa = PBXGroup;
			children = (
				D97108A82C392D680054DBE0 /* ReportExtension.swift */,
				D97108AA2C392D680054DBE0 /* TotalActivityReport.swift */,
				D97108AC2C392D680054DBE0 /* TotalActivityView.swift */,
				D97108AE2C392D680054DBE0 /* Info.plist */,
				D97108AF2C392D680054DBE0 /* ReportExtension.entitlements */,
			);
			path = ReportExtension;
			sourceTree = "<group>";
		};
		D9714FB52C40783C006EAD97 /* Data */ = {
			isa = PBXGroup;
			children = (
				D9714FB62C407851006EAD97 /* NetworkAPIImpl.swift */,
				D9714FB82C40CEDF006EAD97 /* UsageAPIImpl.swift */,
			);
			path = Data;
			sourceTree = "<group>";
		};
		D9AD55832C6DD48100FC5962 /* Kotlin Debug */ = {
			isa = PBXGroup;
			children = (
				D9AD55E92C6DD4B800FC5962 /* commonMain */,
				D9AD55F02C6DD4B800FC5962 /* iosMain */,
			);
			path = "Kotlin Debug";
			sourceTree = "<group>";
		};
		D9AD55952C6DD4B800FC5962 /* drawable */ = {
			isa = PBXGroup;
			children = (
				D9AD55842C6DD4B800FC5962 /* compose-multiplatform.xml */,
				D9AD55852C6DD4B800FC5962 /* ic_awards.xml */,
				D9AD55862C6DD4B800FC5962 /* ic_bubble_paywall.xml */,
				D9AD55872C6DD4B800FC5962 /* ic_chat_bubble.xml */,
				D9AD55882C6DD4B800FC5962 /* ic_close.xml */,
				D9AD55892C6DD4B800FC5962 /* ic_help.xml */,
				D9AD558A2C6DD4B800FC5962 /* ic_message_corner.xml */,
				D9AD558B2C6DD4B800FC5962 /* ic_message.xml */,
				D9AD558C2C6DD4B800FC5962 /* ic_messages.xml */,
				D9AD558D2C6DD4B800FC5962 /* ic_objective.xml */,
				D9AD558E2C6DD4B800FC5962 /* ic_premium.xml */,
				D9AD558F2C6DD4B800FC5962 /* ic_send.xml */,
				D9AD55902C6DD4B800FC5962 /* ic_settings.xml */,
				D9AD55912C6DD4B800FC5962 /* ic_statistics.xml */,
				D9AD55922C6DD4B800FC5962 /* ic_streak.xml */,
				D9AD55932C6DD4B800FC5962 /* ic_thumb_down_off.xml */,
				D9AD55942C6DD4B800FC5962 /* ic_thumb_down.xml */,
			);
			path = drawable;
			sourceTree = "<group>";
		};
		D9AD55972C6DD4B800FC5962 /* values */ = {
			isa = PBXGroup;
			children = (
				D9AD55962C6DD4B800FC5962 /* strings.xml */,
			);
			path = values;
			sourceTree = "<group>";
		};
		D9AD55982C6DD4B800FC5962 /* composeResources */ = {
			isa = PBXGroup;
			children = (
				D9AD55952C6DD4B800FC5962 /* drawable */,
				D9AD55972C6DD4B800FC5962 /* values */,
			);
			path = composeResources;
			sourceTree = "<group>";
		};
		D9AD559E2C6DD4B800FC5962 /* local */ = {
			isa = PBXGroup;
			children = (
				D9AD55992C6DD4B800FC5962 /* DailyUsageStats.kt */,
				D9AD559A2C6DD4B800FC5962 /* NetworkAPI.kt */,
				D9AD559B2C6DD4B800FC5962 /* SendingData.kt */,
				D9AD559C2C6DD4B800FC5962 /* UsageAPI.kt */,
				D9AD559D2C6DD4B800FC5962 /* UsageStats.kt */,
			);
			path = local;
			sourceTree = "<group>";
		};
		D9AD55A42C6DD4B800FC5962 /* remote */ = {
			isa = PBXGroup;
			children = (
				D9AD559F2C6DD4B800FC5962 /* AnalyticsAPI.kt */,
				D9AD55A02C6DD4B800FC5962 /* AuthAPI.kt */,
				D9AD55A12C6DD4B800FC5962 /* ChallengesAPI.kt */,
				D9AD55A22C6DD4B800FC5962 /* ChatMessagesAPI.kt */,
				D9AD55A32C6DD4B800FC5962 /* UserAPI.kt */,
			);
			path = remote;
			sourceTree = "<group>";
		};
		D9AD55A82C6DD4B800FC5962 /* repository */ = {
			isa = PBXGroup;
			children = (
				D9AD55A52C6DD4B800FC5962 /* ChallengeRepositoryImpl.kt */,
				D9AD55A62C6DD4B800FC5962 /* ChatRepositoryImpl.kt */,
				D9AD55A72C6DD4B800FC5962 /* UserRepositoryImpl.kt */,
			);
			path = repository;
			sourceTree = "<group>";
		};
		D9AD55AB2C6DD4B800FC5962 /* utils */ = {
			isa = PBXGroup;
			children = (
				D9AD55A92C6DD4B800FC5962 /* FirebaseAuth.kt */,
				D9AD55AA2C6DD4B800FC5962 /* UsageStatsUtils.kt */,
			);
			path = utils;
			sourceTree = "<group>";
		};
		D9AD55AC2C6DD4B800FC5962 /* data */ = {
			isa = PBXGroup;
			children = (
				D9AD559E2C6DD4B800FC5962 /* local */,
				D9AD55A42C6DD4B800FC5962 /* remote */,
				D9AD55A82C6DD4B800FC5962 /* repository */,
				D9AD55AB2C6DD4B800FC5962 /* utils */,
			);
			path = data;
			sourceTree = "<group>";
		};
		D9AD55B02C6DD4B800FC5962 /* di */ = {
			isa = PBXGroup;
			children = (
				D9AD55AD2C6DD4B800FC5962 /* ChatAIAPIModule.kt */,
				D9AD55AE2C6DD4B800FC5962 /* ComposeKoinDI.kt */,
				D9AD55AF2C6DD4B800FC5962 /* LocalAppProvidables.kt */,
			);
			path = di;
			sourceTree = "<group>";
		};
		D9AD55B92C6DD4B800FC5962 /* generativeui */ = {
			isa = PBXGroup;
			children = (
				D9AD55B12C6DD4B800FC5962 /* ComposeAsyncImageNode.kt */,
				D9AD55B22C6DD4B800FC5962 /* ComposeColumn.kt */,
				D9AD55B32C6DD4B800FC5962 /* ComposeLayout.kt */,
				D9AD55B42C6DD4B800FC5962 /* ComposeNode.kt */,
				D9AD55B52C6DD4B800FC5962 /* ComposeTextNode.kt */,
				D9AD55B62C6DD4B800FC5962 /* GenerativeUIUtils.kt */,
				D9AD55B72C6DD4B800FC5962 /* NodeModifier.kt */,
				D9AD55B82C6DD4B800FC5962 /* SerializableModels.kt */,
			);
			path = generativeui;
			sourceTree = "<group>";
		};
		D9AD55BC2C6DD4B800FC5962 /* mapper */ = {
			isa = PBXGroup;
			children = (
				D9AD55BA2C6DD4B800FC5962 /* DomainToUIMapper.kt */,
				D9AD55BB2C6DD4B800FC5962 /* UIToDomainMapper.kt */,
			);
			path = mapper;
			sourceTree = "<group>";
		};
		D9AD55C62C6DD4B800FC5962 /* model */ = {
			isa = PBXGroup;
			children = (
				D9AD55BD2C6DD4B800FC5962 /* TrendTimeInForeground.kt */,
				D9AD55BE2C6DD4B800FC5962 /* UIBenefit.kt */,
				D9AD55BF2C6DD4B800FC5962 /* UICard.kt */,
				D9AD55C02C6DD4B800FC5962 /* UIChallenge.kt */,
				D9AD55C12C6DD4B800FC5962 /* UIDailyUsageStats.kt */,
				D9AD55C22C6DD4B800FC5962 /* UIMessage.kt */,
				D9AD55C32C6DD4B800FC5962 /* UIPaymentPlan.kt */,
				D9AD55C42C6DD4B800FC5962 /* UIUsageStats.kt */,
				D9AD55C52C6DD4B800FC5962 /* UIUser.kt */,
			);
			path = model;
			sourceTree = "<group>";
		};
		D9AD55C82C6DD4B800FC5962 /* mainscreen */ = {
			isa = PBXGroup;
			children = (
				D9AD55C72C6DD4B800FC5962 /* BubbleTopAppBar.kt */,
			);
			path = mainscreen;
			sourceTree = "<group>";
		};
		D9AD55CF2C6DD4B800FC5962 /* bubble */ = {
			isa = PBXGroup;
			children = (
				D9AD55C92C6DD4B800FC5962 /* BubbleMessageCard.kt */,
				D9AD55CA2C6DD4B800FC5962 /* BubbleMessagesBox.kt */,
				D9AD55CB2C6DD4B800FC5962 /* BubblerMessageCard.kt */,
				D9AD55CC2C6DD4B800FC5962 /* BubbleTabActions.kt */,
				D9AD55CD2C6DD4B800FC5962 /* BubbleTabTitle.kt */,
				D9AD55CE2C6DD4B800FC5962 /* BubbleTextField.kt */,
			);
			path = bubble;
			sourceTree = "<group>";
		};
		D9AD55D22C6DD4B800FC5962 /* home */ = {
			isa = PBXGroup;
			children = (
				D9AD55D02C6DD4B800FC5962 /* ChallengesCategories.kt */,
				D9AD55D12C6DD4B800FC5962 /* DonorsShorts.kt */,
			);
			path = home;
			sourceTree = "<group>";
		};
		D9AD55D62C6DD4B800FC5962 /* tab */ = {
			isa = PBXGroup;
			children = (
				D9AD55CF2C6DD4B800FC5962 /* bubble */,
				D9AD55D22C6DD4B800FC5962 /* home */,
				D9AD55D32C6DD4B800FC5962 /* BubbleTab.kt */,
				D9AD55D42C6DD4B800FC5962 /* HomeTab.kt */,
				D9AD55D52C6DD4B800FC5962 /* ProfileTab.kt */,
			);
			path = tab;
			sourceTree = "<group>";
		};
		D9AD55DB2C6DD4B800FC5962 /* screen */ = {
			isa = PBXGroup;
			children = (
				D9AD55C82C6DD4B800FC5962 /* mainscreen */,
				D9AD55D62C6DD4B800FC5962 /* tab */,
				D9AD55D72C6DD4B800FC5962 /* CardsSection.kt */,
				D9AD55D82C6DD4B800FC5962 /* ChallengeScreen.kt */,
				D9AD55D92C6DD4B800FC5962 /* MainScreen.kt */,
				D9AD55DA2C6DD4B800FC5962 /* PaywallScreen.kt */,
			);
			path = screen;
			sourceTree = "<group>";
		};
		D9AD55DF2C6DD4B800FC5962 /* screenmodel */ = {
			isa = PBXGroup;
			children = (
				D9AD55DC2C6DD4B800FC5962 /* BubbleTabScreenModel.kt */,
				D9AD55DD2C6DD4B800FC5962 /* BubbleTopAppBarScreenModel.kt */,
				D9AD55DE2C6DD4B800FC5962 /* ProfileTabScreenModel.kt */,
			);
			path = screenmodel;
			sourceTree = "<group>";
		};
		D9AD55E22C6DD4B800FC5962 /* theme */ = {
			isa = PBXGroup;
			children = (
				D9AD55E02C6DD4B800FC5962 /* Color.kt */,
				D9AD55E12C6DD4B800FC5962 /* Theme.kt */,
			);
			path = theme;
			sourceTree = "<group>";
		};
		D9AD55E32C6DD4B800FC5962 /* ui */ = {
			isa = PBXGroup;
			children = (
				D9AD55E22C6DD4B800FC5962 /* theme */,
			);
			path = ui;
			sourceTree = "<group>";
		};
		D9AD55E42C6DD4B800FC5962 /* presentation */ = {
			isa = PBXGroup;
			children = (
				D9AD55BC2C6DD4B800FC5962 /* mapper */,
				D9AD55C62C6DD4B800FC5962 /* model */,
				D9AD55DB2C6DD4B800FC5962 /* screen */,
				D9AD55DF2C6DD4B800FC5962 /* screenmodel */,
				D9AD55E32C6DD4B800FC5962 /* ui */,
			);
			path = presentation;
			sourceTree = "<group>";
		};
		D9AD55E82C6DD4B800FC5962 /* kotlin */ = {
			isa = PBXGroup;
			children = (
				D9AD55AC2C6DD4B800FC5962 /* data */,
				D9AD55B02C6DD4B800FC5962 /* di */,
				D9AD55B92C6DD4B800FC5962 /* generativeui */,
				D9AD55E42C6DD4B800FC5962 /* presentation */,
				D9AD55E52C6DD4B800FC5962 /* App.kt */,
				D9AD55E62C6DD4B800FC5962 /* Greeting.kt */,
				D9AD55E72C6DD4B800FC5962 /* Platform.kt */,
			);
			path = kotlin;
			sourceTree = "<group>";
		};
		D9AD55E92C6DD4B800FC5962 /* commonMain */ = {
			isa = PBXGroup;
			children = (
				D9AD55982C6DD4B800FC5962 /* composeResources */,
				D9AD55E82C6DD4B800FC5962 /* kotlin */,
			);
			name = commonMain;
			path = ../../composeApp/src/commonMain;
			sourceTree = "<group>";
		};
		D9AD55EA2C6DD4B800FC5962 /* data */ = {
			isa = PBXGroup;
			children = (
			);
			path = data;
			sourceTree = "<group>";
		};
		D9AD55EC2C6DD4B800FC5962 /* di */ = {
			isa = PBXGroup;
			children = (
				D9AD55EB2C6DD4B800FC5962 /* ChatAIAPIModule.ios.kt */,
			);
			path = di;
			sourceTree = "<group>";
		};
		D9AD55EF2C6DD4B800FC5962 /* kotlin */ = {
			isa = PBXGroup;
			children = (
				D9AD55EA2C6DD4B800FC5962 /* data */,
				D9AD55EC2C6DD4B800FC5962 /* di */,
				D9AD55ED2C6DD4B800FC5962 /* MainViewController.kt */,
				D9AD55EE2C6DD4B800FC5962 /* Platform.ios.kt */,
			);
			path = kotlin;
			sourceTree = "<group>";
		};
		D9AD55F02C6DD4B800FC5962 /* iosMain */ = {
			isa = PBXGroup;
			children = (
				D9AD55EF2C6DD4B800FC5962 /* kotlin */,
			);
			name = iosMain;
			path = ../../composeApp/src/iosMain;
			sourceTree = "<group>";
		};
/* End PBXGroup section */

/* Begin PBXNativeTarget section */
		7555FF7A242A565900829871 /* iosApp */ = {
			isa = PBXNativeTarget;
			buildConfigurationList = 7555FFA5242A565B00829871 /* Build configuration list for PBXNativeTarget "iosApp" */;
			buildPhases = (
				F36B1CEB2AD83DDC00CB74D5 /* Compile Kotlin Framework */,
				7555FF77242A565900829871 /* Sources */,
				B92378962B6B1156000C7307 /* Frameworks */,
				7555FF79242A565900829871 /* Resources */,
				D971089F2C392B920054DBE0 /* Embed ExtensionKit Extensions */,
				D933A8772C5ABC5500B572BA /* ShellScript */,
			);
			buildRules = (
			);
			dependencies = (
				D97108B12C392D680054DBE0 /* PBXTargetDependency */,
			);
			name = iosApp;
			packageProductDependencies = (
				D99B831D2C24950500CEF980 /* GoogleGenerativeAI */,
				D9C0AABA2C5D3D4D00A43663 /* FirebaseAnalytics */,
				D9C0AABC2C5D3D4D00A43663 /* FirebaseAuth */,
				D9C0AABE2C5D3D4D00A43663 /* FirebaseCrashlytics */,
				D9C0AAC02C5D3D4D00A43663 /* FirebaseDatabase */,
			);
			productName = iosApp;
			productReference = 7555FF7B242A565900829871 /* Bubble.app */;
			productType = "com.apple.product-type.application";
		};
		D97108A52C392D680054DBE0 /* ReportExtension */ = {
			isa = PBXNativeTarget;
			buildConfigurationList = D97108B32C392D680054DBE0 /* Build configuration list for PBXNativeTarget "ReportExtension" */;
			buildPhases = (
				D97108A22C392D680054DBE0 /* Sources */,
				D97108A32C392D680054DBE0 /* Frameworks */,
				D97108A42C392D680054DBE0 /* Resources */,
			);
			buildRules = (
			);
			dependencies = (
			);
			name = ReportExtension;
			productName = ReportExtension;
			productReference = D97108A62C392D680054DBE0 /* ReportExtension.appex */;
			productType = "com.apple.product-type.extensionkit-extension";
		};
/* End PBXNativeTarget section */

/* Begin PBXProject section */
		7555FF73242A565900829871 /* Project object */ = {
			isa = PBXProject;
			attributes = {
				BuildIndependentTargetsInParallel = YES;
				LastSwiftUpdateCheck = 1540;
				LastUpgradeCheck = 1540;
				ORGANIZATIONNAME = orgName;
				TargetAttributes = {
					7555FF7A242A565900829871 = {
						CreatedOnToolsVersion = 11.3.1;
					};
					D97108A52C392D680054DBE0 = {
						CreatedOnToolsVersion = 15.4;
					};
				};
			};
			buildConfigurationList = 7555FF76242A565900829871 /* Build configuration list for PBXProject "iosApp" */;
			compatibilityVersion = "Xcode 14.0";
			developmentRegion = en;
			hasScannedForEncodings = 0;
			knownRegions = (
				en,
				Base,
			);
			mainGroup = 7555FF72242A565900829871;
			packageReferences = (
				D99B831C2C24950500CEF980 /* XCRemoteSwiftPackageReference "generative-ai-swift" */,
				D9C0AAB92C5D3D4D00A43663 /* XCRemoteSwiftPackageReference "firebase-ios-sdk" */,
			);
			productRefGroup = 7555FF7C242A565900829871 /* Products */;
			projectDirPath = "";
			projectRoot = "";
			targets = (
				7555FF7A242A565900829871 /* iosApp */,
				D97108A52C392D680054DBE0 /* ReportExtension */,
			);
		};
/* End PBXProject section */

/* Begin PBXResourcesBuildPhase section */
		7555FF79242A565900829871 /* Resources */ = {
			isa = PBXResourcesBuildPhase;
			buildActionMask = 2147483647;
			files = (
				D9AD561A2C6DD4B800FC5962 /* GenerativeUIUtils.kt in Resources */,
				D9AD56392C6DD4B800FC5962 /* BubbleTopAppBarScreenModel.kt in Resources */,
				D9AD56002C6DD4B800FC5962 /* ic_thumb_down_off.xml in Resources */,
				D9AD56012C6DD4B800FC5962 /* ic_thumb_down.xml in Resources */,
				D9AD56082C6DD4B800FC5962 /* AnalyticsAPI.kt in Resources */,
				D9AD56022C6DD4B800FC5962 /* strings.xml in Resources */,
				D9AD56272C6DD4B800FC5962 /* UIUser.kt in Resources */,
				D9AD560E2C6DD4B800FC5962 /* ChatRepositoryImpl.kt in Resources */,
				D9AD563C2C6DD4B800FC5962 /* Theme.kt in Resources */,
				D9AD56152C6DD4B800FC5962 /* ComposeAsyncImageNode.kt in Resources */,
				D9AD55F62C6DD4B800FC5962 /* ic_help.xml in Resources */,
				D9AD560D2C6DD4B800FC5962 /* ChallengeRepositoryImpl.kt in Resources */,
				D9AD55F32C6DD4B800FC5962 /* ic_bubble_paywall.xml in Resources */,
				D9AD560B2C6DD4B800FC5962 /* ChatMessagesAPI.kt in Resources */,
				D9AD55F52C6DD4B800FC5962 /* ic_close.xml in Resources */,
				D9AD56182C6DD4B800FC5962 /* ComposeNode.kt in Resources */,
				D9AD563D2C6DD4B800FC5962 /* App.kt in Resources */,
				D9AD56342C6DD4B800FC5962 /* CardsSection.kt in Resources */,
				D9AD56052C6DD4B800FC5962 /* SendingData.kt in Resources */,
				D9AD56112C6DD4B800FC5962 /* UsageStatsUtils.kt in Resources */,
				D9AD56102C6DD4B800FC5962 /* FirebaseAuth.kt in Resources */,
				D9AD55F12C6DD4B800FC5962 /* compose-multiplatform.xml in Resources */,
				D9AD56072C6DD4B800FC5962 /* UsageStats.kt in Resources */,
				D9AD55FB2C6DD4B800FC5962 /* ic_premium.xml in Resources */,
				D9AD562C2C6DD4B800FC5962 /* BubbleTabActions.kt in Resources */,
				D9AD55F22C6DD4B800FC5962 /* ic_awards.xml in Resources */,
				D9AD56222C6DD4B800FC5962 /* UIChallenge.kt in Resources */,
				D9AD55F92C6DD4B800FC5962 /* ic_messages.xml in Resources */,
				D9AD563A2C6DD4B800FC5962 /* ProfileTabScreenModel.kt in Resources */,
				D9AD562E2C6DD4B800FC5962 /* BubbleTextField.kt in Resources */,
				D9AD56032C6DD4B800FC5962 /* DailyUsageStats.kt in Resources */,
				D9AD55F82C6DD4B800FC5962 /* ic_message.xml in Resources */,
				D9AD56422C6DD4B800FC5962 /* Platform.ios.kt in Resources */,
				D9AD56382C6DD4B800FC5962 /* BubbleTabScreenModel.kt in Resources */,
				D9AD563E2C6DD4B800FC5962 /* Greeting.kt in Resources */,
				D9AD56322C6DD4B800FC5962 /* HomeTab.kt in Resources */,
				D9AD56192C6DD4B800FC5962 /* ComposeTextNode.kt in Resources */,
				D9AD560C2C6DD4B800FC5962 /* UserAPI.kt in Resources */,
				D9AD56212C6DD4B800FC5962 /* UICard.kt in Resources */,
				D9AD56282C6DD4B800FC5962 /* BubbleTopAppBar.kt in Resources */,
				D9AD55FA2C6DD4B800FC5962 /* ic_objective.xml in Resources */,
				D9AD56092C6DD4B800FC5962 /* AuthAPI.kt in Resources */,
				D9AD563B2C6DD4B800FC5962 /* Color.kt in Resources */,
				D9AD562F2C6DD4B800FC5962 /* ChallengesCategories.kt in Resources */,
				D9AD56122C6DD4B800FC5962 /* ChatAIAPIModule.kt in Resources */,
				D9AD562A2C6DD4B800FC5962 /* BubbleMessagesBox.kt in Resources */,
				D9AD56262C6DD4B800FC5962 /* UIUsageStats.kt in Resources */,
				058557D9273AAEEB004C7B11 /* Preview Assets.xcassets in Resources */,
				D9AD56292C6DD4B800FC5962 /* BubbleMessageCard.kt in Resources */,
				D9AD560F2C6DD4B800FC5962 /* UserRepositoryImpl.kt in Resources */,
				D9AD56142C6DD4B800FC5962 /* LocalAppProvidables.kt in Resources */,
				D9AD561D2C6DD4B800FC5962 /* DomainToUIMapper.kt in Resources */,
				D9AD562B2C6DD4B800FC5962 /* BubblerMessageCard.kt in Resources */,
				D9AD56252C6DD4B800FC5962 /* UIPaymentPlan.kt in Resources */,
				D9AD56202C6DD4B800FC5962 /* UIBenefit.kt in Resources */,
				D9AD56042C6DD4B800FC5962 /* NetworkAPI.kt in Resources */,
				D9AD55F72C6DD4B800FC5962 /* ic_message_corner.xml in Resources */,
				D9AD56412C6DD4B800FC5962 /* MainViewController.kt in Resources */,
				D9AD563F2C6DD4B800FC5962 /* Platform.kt in Resources */,
				D933A8792C5ABEE300B572BA /* GoogleService-Info.plist in Resources */,
				058557BB273AAA24004C7B11 /* Assets.xcassets in Resources */,
				D9AD561E2C6DD4B800FC5962 /* UIToDomainMapper.kt in Resources */,
				D9AD56332C6DD4B800FC5962 /* ProfileTab.kt in Resources */,
				D99B83172C2492D500CEF980 /* GenerativeAI-Info.plist in Resources */,
				D9AD55FE2C6DD4B800FC5962 /* ic_statistics.xml in Resources */,
				D9AD561F2C6DD4B800FC5962 /* TrendTimeInForeground.kt in Resources */,
				D9AD56172C6DD4B800FC5962 /* ComposeLayout.kt in Resources */,
				D9AD56372C6DD4B800FC5962 /* PaywallScreen.kt in Resources */,
				D9AD55F42C6DD4B800FC5962 /* ic_chat_bubble.xml in Resources */,
				D9AD56162C6DD4B800FC5962 /* ComposeColumn.kt in Resources */,
				D9AD56362C6DD4B800FC5962 /* MainScreen.kt in Resources */,
				D9AD55FC2C6DD4B800FC5962 /* ic_send.xml in Resources */,
				D9AD55FF2C6DD4B800FC5962 /* ic_streak.xml in Resources */,
				D9AD55FD2C6DD4B800FC5962 /* ic_settings.xml in Resources */,
				D9AD56062C6DD4B800FC5962 /* UsageAPI.kt in Resources */,
				D9AD561B2C6DD4B800FC5962 /* NodeModifier.kt in Resources */,
				D9AD56402C6DD4B800FC5962 /* ChatAIAPIModule.ios.kt in Resources */,
				D9AD56352C6DD4B800FC5962 /* ChallengeScreen.kt in Resources */,
				D9AD561C2C6DD4B800FC5962 /* SerializableModels.kt in Resources */,
				D9AD56242C6DD4B800FC5962 /* UIMessage.kt in Resources */,
				D9AD562D2C6DD4B800FC5962 /* BubbleTabTitle.kt in Resources */,
				D9AD56302C6DD4B800FC5962 /* DonorsShorts.kt in Resources */,
				D9AD56312C6DD4B800FC5962 /* BubbleTab.kt in Resources */,
				D9AD56132C6DD4B800FC5962 /* ComposeKoinDI.kt in Resources */,
				D9AD56232C6DD4B800FC5962 /* UIDailyUsageStats.kt in Resources */,
				D9AD560A2C6DD4B800FC5962 /* ChallengesAPI.kt in Resources */,
			);
			runOnlyForDeploymentPostprocessing = 0;
		};
		D97108A42C392D680054DBE0 /* Resources */ = {
			isa = PBXResourcesBuildPhase;
			buildActionMask = 2147483647;
			files = (
			);
			runOnlyForDeploymentPostprocessing = 0;
		};
/* End PBXResourcesBuildPhase section */

/* Begin PBXShellScriptBuildPhase section */
		D933A8772C5ABC5500B572BA /* ShellScript */ = {
			isa = PBXShellScriptBuildPhase;
			buildActionMask = 2147483647;
			files = (
			);
			inputFileListPaths = (
			);
			inputPaths = (
				"${DWARF_DSYM_FOLDER_PATH}/${DWARF_DSYM_FILE_NAME}",
				"${DWARF_DSYM_FOLDER_PATH}/${DWARF_DSYM_FILE_NAME}/Contents/Resources/DWARF/${PRODUCT_NAME}",
				"${DWARF_DSYM_FOLDER_PATH}/${DWARF_DSYM_FILE_NAME}/Contents/Info.plist",
				"$(TARGET_BUILD_DIR)/$(UNLOCALIZED_RESOURCES_FOLDER_PATH)/GoogleService-Info.plist",
				"$(SRCROOT)/newInputFile",
			);
			outputFileListPaths = (
			);
			outputPaths = (
			);
			runOnlyForDeploymentPostprocessing = 0;
			shellPath = /bin/sh;
			shellScript = "# Type a script or drag a script file from your workspace to insert its path.\n\"${BUILD_DIR%/Build/*}/SourcePackages/checkouts/firebase-ios-sdk/Crashlytics/run\"\n";
		};
		F36B1CEB2AD83DDC00CB74D5 /* Compile Kotlin Framework */ = {
			isa = PBXShellScriptBuildPhase;
			buildActionMask = 2147483647;
			files = (
			);
			inputFileListPaths = (
			);
			inputPaths = (
			);
			name = "Compile Kotlin Framework";
			outputFileListPaths = (
			);
			outputPaths = (
			);
			runOnlyForDeploymentPostprocessing = 0;
			shellPath = /bin/sh;
			shellScript = "if [ \"YES\" = \"$OVERRIDE_KOTLIN_BUILD_IDE_SUPPORTED\" ]; then\n  echo \"Skipping Gradle build task invocation due to OVERRIDE_KOTLIN_BUILD_IDE_SUPPORTED environment variable set to \\\"YES\\\"\"\n  exit 0\nfi\ncd \"$SRCROOT/..\"\n./gradlew :composeApp:embedAndSignAppleFrameworkForXcode\n";
		};
/* End PBXShellScriptBuildPhase section */

/* Begin PBXSourcesBuildPhase section */
		7555FF77242A565900829871 /* Sources */ = {
			isa = PBXSourcesBuildPhase;
			buildActionMask = 2147483647;
			files = (
				D9714FB92C40CEDF006EAD97 /* UsageAPIImpl.swift in Sources */,
				D9714FB72C407851006EAD97 /* NetworkAPIImpl.swift in Sources */,
				2152FB042600AC8F00CF470E /* iOSApp.swift in Sources */,
				D99B83192C24934C00CEF980 /* APIKey.swift in Sources */,
				D97108A12C392C550054DBE0 /* ScreenTimeApp.swift in Sources */,
				7555FF83242A565900829871 /* ContentView.swift in Sources */,
			);
			runOnlyForDeploymentPostprocessing = 0;
		};
		D97108A22C392D680054DBE0 /* Sources */ = {
			isa = PBXSourcesBuildPhase;
			buildActionMask = 2147483647;
			files = (
				D97108AD2C392D680054DBE0 /* TotalActivityView.swift in Sources */,
				D97108A92C392D680054DBE0 /* ReportExtension.swift in Sources */,
				D97108AB2C392D680054DBE0 /* TotalActivityReport.swift in Sources */,
			);
			runOnlyForDeploymentPostprocessing = 0;
		};
/* End PBXSourcesBuildPhase section */

/* Begin PBXTargetDependency section */
		D97108B12C392D680054DBE0 /* PBXTargetDependency */ = {
			isa = PBXTargetDependency;
			target = D97108A52C392D680054DBE0 /* ReportExtension */;
			targetProxy = D97108B02C392D680054DBE0 /* PBXContainerItemProxy */;
		};
/* End PBXTargetDependency section */

/* Begin XCBuildConfiguration section */
		7555FFA3242A565B00829871 /* Debug */ = {
			isa = XCBuildConfiguration;
			baseConfigurationReference = AB3632DC29227652001CCB65 /* Config.xcconfig */;
			buildSettings = {
				ALWAYS_SEARCH_USER_PATHS = NO;
				CLANG_ANALYZER_NONNULL = YES;
				CLANG_ANALYZER_NUMBER_OBJECT_CONVERSION = YES_AGGRESSIVE;
				CLANG_CXX_LANGUAGE_STANDARD = "gnu++14";
				CLANG_CXX_LIBRARY = "libc++";
				CLANG_ENABLE_MODULES = YES;
				CLANG_ENABLE_OBJC_ARC = YES;
				CLANG_ENABLE_OBJC_WEAK = YES;
				CLANG_WARN_BLOCK_CAPTURE_AUTORELEASING = YES;
				CLANG_WARN_BOOL_CONVERSION = YES;
				CLANG_WARN_COMMA = YES;
				CLANG_WARN_CONSTANT_CONVERSION = YES;
				CLANG_WARN_DEPRECATED_OBJC_IMPLEMENTATIONS = YES;
				CLANG_WARN_DIRECT_OBJC_ISA_USAGE = YES_ERROR;
				CLANG_WARN_DOCUMENTATION_COMMENTS = YES;
				CLANG_WARN_EMPTY_BODY = YES;
				CLANG_WARN_ENUM_CONVERSION = YES;
				CLANG_WARN_INFINITE_RECURSION = YES;
				CLANG_WARN_INT_CONVERSION = YES;
				CLANG_WARN_NON_LITERAL_NULL_CONVERSION = YES;
				CLANG_WARN_OBJC_IMPLICIT_RETAIN_SELF = YES;
				CLANG_WARN_OBJC_LITERAL_CONVERSION = YES;
				CLANG_WARN_OBJC_ROOT_CLASS = YES_ERROR;
				CLANG_WARN_QUOTED_INCLUDE_IN_FRAMEWORK_HEADER = YES;
				CLANG_WARN_RANGE_LOOP_ANALYSIS = YES;
				CLANG_WARN_STRICT_PROTOTYPES = YES;
				CLANG_WARN_SUSPICIOUS_MOVE = YES;
				CLANG_WARN_UNGUARDED_AVAILABILITY = YES_AGGRESSIVE;
				CLANG_WARN_UNREACHABLE_CODE = YES;
				CLANG_WARN__DUPLICATE_METHOD_MATCH = YES;
				COPY_PHASE_STRIP = NO;
				DEBUG_INFORMATION_FORMAT = "dwarf-with-dsym";
				ENABLE_STRICT_OBJC_MSGSEND = YES;
				ENABLE_TESTABILITY = YES;
				ENABLE_USER_SCRIPT_SANDBOXING = NO;
				GCC_C_LANGUAGE_STANDARD = gnu11;
				GCC_DYNAMIC_NO_PIC = NO;
				GCC_NO_COMMON_BLOCKS = YES;
				GCC_OPTIMIZATION_LEVEL = 0;
				GCC_PREPROCESSOR_DEFINITIONS = (
					"DEBUG=1",
					"$(inherited)",
				);
				GCC_WARN_64_TO_32_BIT_CONVERSION = YES;
				GCC_WARN_ABOUT_RETURN_TYPE = YES_ERROR;
				GCC_WARN_UNDECLARED_SELECTOR = YES;
				GCC_WARN_UNINITIALIZED_AUTOS = YES_AGGRESSIVE;
				GCC_WARN_UNUSED_FUNCTION = YES;
				GCC_WARN_UNUSED_VARIABLE = YES;
				IPHONEOS_DEPLOYMENT_TARGET = 17.0;
				MTL_ENABLE_DEBUG_INFO = INCLUDE_SOURCE;
				MTL_FAST_MATH = YES;
				ONLY_ACTIVE_ARCH = YES;
				SDKROOT = iphoneos;
				SWIFT_ACTIVE_COMPILATION_CONDITIONS = DEBUG;
				SWIFT_OPTIMIZATION_LEVEL = "-Onone";
			};
			name = Debug;
		};
		7555FFA4242A565B00829871 /* Release */ = {
			isa = XCBuildConfiguration;
			baseConfigurationReference = AB3632DC29227652001CCB65 /* Config.xcconfig */;
			buildSettings = {
				ALWAYS_SEARCH_USER_PATHS = NO;
				CLANG_ANALYZER_NONNULL = YES;
				CLANG_ANALYZER_NUMBER_OBJECT_CONVERSION = YES_AGGRESSIVE;
				CLANG_CXX_LANGUAGE_STANDARD = "gnu++14";
				CLANG_CXX_LIBRARY = "libc++";
				CLANG_ENABLE_MODULES = YES;
				CLANG_ENABLE_OBJC_ARC = YES;
				CLANG_ENABLE_OBJC_WEAK = YES;
				CLANG_WARN_BLOCK_CAPTURE_AUTORELEASING = YES;
				CLANG_WARN_BOOL_CONVERSION = YES;
				CLANG_WARN_COMMA = YES;
				CLANG_WARN_CONSTANT_CONVERSION = YES;
				CLANG_WARN_DEPRECATED_OBJC_IMPLEMENTATIONS = YES;
				CLANG_WARN_DIRECT_OBJC_ISA_USAGE = YES_ERROR;
				CLANG_WARN_DOCUMENTATION_COMMENTS = YES;
				CLANG_WARN_EMPTY_BODY = YES;
				CLANG_WARN_ENUM_CONVERSION = YES;
				CLANG_WARN_INFINITE_RECURSION = YES;
				CLANG_WARN_INT_CONVERSION = YES;
				CLANG_WARN_NON_LITERAL_NULL_CONVERSION = YES;
				CLANG_WARN_OBJC_IMPLICIT_RETAIN_SELF = YES;
				CLANG_WARN_OBJC_LITERAL_CONVERSION = YES;
				CLANG_WARN_OBJC_ROOT_CLASS = YES_ERROR;
				CLANG_WARN_QUOTED_INCLUDE_IN_FRAMEWORK_HEADER = YES;
				CLANG_WARN_RANGE_LOOP_ANALYSIS = YES;
				CLANG_WARN_STRICT_PROTOTYPES = YES;
				CLANG_WARN_SUSPICIOUS_MOVE = YES;
				CLANG_WARN_UNGUARDED_AVAILABILITY = YES_AGGRESSIVE;
				CLANG_WARN_UNREACHABLE_CODE = YES;
				CLANG_WARN__DUPLICATE_METHOD_MATCH = YES;
				COPY_PHASE_STRIP = NO;
				DEBUG_INFORMATION_FORMAT = "dwarf-with-dsym";
				ENABLE_NS_ASSERTIONS = NO;
				ENABLE_STRICT_OBJC_MSGSEND = YES;
				ENABLE_USER_SCRIPT_SANDBOXING = NO;
				GCC_C_LANGUAGE_STANDARD = gnu11;
				GCC_NO_COMMON_BLOCKS = YES;
				GCC_WARN_64_TO_32_BIT_CONVERSION = YES;
				GCC_WARN_ABOUT_RETURN_TYPE = YES_ERROR;
				GCC_WARN_UNDECLARED_SELECTOR = YES;
				GCC_WARN_UNINITIALIZED_AUTOS = YES_AGGRESSIVE;
				GCC_WARN_UNUSED_FUNCTION = YES;
				GCC_WARN_UNUSED_VARIABLE = YES;
				IPHONEOS_DEPLOYMENT_TARGET = 17.0;
				MTL_ENABLE_DEBUG_INFO = NO;
				MTL_FAST_MATH = YES;
				SDKROOT = iphoneos;
				SWIFT_COMPILATION_MODE = wholemodule;
				SWIFT_OPTIMIZATION_LEVEL = "-O";
				VALIDATE_PRODUCT = YES;
			};
			name = Release;
		};
		7555FFA6242A565B00829871 /* Debug */ = {
			isa = XCBuildConfiguration;
			buildSettings = {
				ALWAYS_EMBED_SWIFT_STANDARD_LIBRARIES = YES;
				ASSETCATALOG_COMPILER_APPICON_NAME = AppIcon;
				CODE_SIGN_IDENTITY = "Apple Development";
				CODE_SIGN_STYLE = Automatic;
				DEVELOPMENT_ASSET_PATHS = "\"iosApp/Preview Content\"";
				DEVELOPMENT_TEAM = RH386Z3CQP;
				ENABLE_PREVIEWS = YES;
				FRAMEWORK_SEARCH_PATHS = (
					"$(inherited)",
					"$(SRCROOT)/../shared/build/xcode-frameworks/$(CONFIGURATION)/$(SDK_NAME)\n$(SRCROOT)/../composeApp/build/xcode-frameworks/$(CONFIGURATION)/$(SDK_NAME)",
				);
				INFOPLIST_FILE = iosApp/Info.plist;
				IPHONEOS_DEPLOYMENT_TARGET = 17.0;
				LD_RUNPATH_SEARCH_PATHS = (
					"$(inherited)",
					"@executable_path/Frameworks",
				);
				OTHER_LDFLAGS = (
					"$(inherited)",
					"-framework",
					ComposeApp,
					"-ObjC",
				);
				PRODUCT_BUNDLE_IDENTIFIER = "${BUNDLE_ID}${TEAM_ID}";
				PRODUCT_NAME = "${APP_NAME}";
				PROVISIONING_PROFILE_SPECIFIER = "";
				SWIFT_VERSION = 5.0;
				TARGETED_DEVICE_FAMILY = "1,2";
			};
			name = Debug;
		};
		7555FFA7242A565B00829871 /* Release */ = {
			isa = XCBuildConfiguration;
			buildSettings = {
				ALWAYS_EMBED_SWIFT_STANDARD_LIBRARIES = YES;
				ASSETCATALOG_COMPILER_APPICON_NAME = AppIcon;
				CODE_SIGN_ENTITLEMENTS = iosApp/iosAppRelease.entitlements;
				CODE_SIGN_IDENTITY = "Apple Development";
				CODE_SIGN_STYLE = Automatic;
				DEVELOPMENT_ASSET_PATHS = "\"iosApp/Preview Content\"";
				DEVELOPMENT_TEAM = RH386Z3CQP;
				ENABLE_PREVIEWS = YES;
				FRAMEWORK_SEARCH_PATHS = (
					"$(inherited)",
					"$(SRCROOT)/../shared/build/xcode-frameworks/$(CONFIGURATION)/$(SDK_NAME)\n$(SRCROOT)/../composeApp/build/xcode-frameworks/$(CONFIGURATION)/$(SDK_NAME)",
				);
				INFOPLIST_FILE = iosApp/Info.plist;
				IPHONEOS_DEPLOYMENT_TARGET = 17.0;
				LD_RUNPATH_SEARCH_PATHS = (
					"$(inherited)",
					"@executable_path/Frameworks",
				);
				OTHER_LDFLAGS = (
					"$(inherited)",
					"-framework",
					ComposeApp,
					"-ObjC",
				);
				PRODUCT_BUNDLE_IDENTIFIER = "${BUNDLE_ID}${TEAM_ID}";
				PRODUCT_NAME = "${APP_NAME}";
				PROVISIONING_PROFILE_SPECIFIER = "";
				SWIFT_VERSION = 5.0;
				TARGETED_DEVICE_FAMILY = "1,2";
			};
			name = Release;
		};
		D97108B42C392D680054DBE0 /* Debug */ = {
			isa = XCBuildConfiguration;
			buildSettings = {
				ASSETCATALOG_COMPILER_GENERATE_SWIFT_ASSET_SYMBOL_EXTENSIONS = YES;
				CLANG_CXX_LANGUAGE_STANDARD = "gnu++20";
				CODE_SIGN_ENTITLEMENTS = ReportExtension/ReportExtension.entitlements;
				CODE_SIGN_IDENTITY = "Apple Development";
				CODE_SIGN_STYLE = Automatic;
				CURRENT_PROJECT_VERSION = 1;
				DEBUG_INFORMATION_FORMAT = dwarf;
				DEVELOPMENT_TEAM = RH386Z3CQP;
				ENABLE_USER_SCRIPT_SANDBOXING = YES;
				GCC_C_LANGUAGE_STANDARD = gnu17;
				GENERATE_INFOPLIST_FILE = YES;
				INFOPLIST_FILE = ReportExtension/Info.plist;
				INFOPLIST_KEY_CFBundleDisplayName = ReportExtension;
				INFOPLIST_KEY_NSHumanReadableCopyright = "Copyright © 2024 orgName. All rights reserved.";
				IPHONEOS_DEPLOYMENT_TARGET = 17.5;
				LD_RUNPATH_SEARCH_PATHS = (
					"$(inherited)",
					"@executable_path/Frameworks",
					"@executable_path/../../Frameworks",
				);
				LOCALIZATION_PREFERS_STRING_CATALOGS = YES;
				MARKETING_VERSION = 1.0;
				PRODUCT_BUNDLE_IDENTIFIER = com.jesusdmedinac.bubble.Bubble.ReportExtension;
				PRODUCT_NAME = "$(TARGET_NAME)";
				SKIP_INSTALL = YES;
				SWIFT_ACTIVE_COMPILATION_CONDITIONS = "DEBUG $(inherited)";
				SWIFT_EMIT_LOC_STRINGS = YES;
				SWIFT_VERSION = 5.0;
				TARGETED_DEVICE_FAMILY = "1,2";
			};
			name = Debug;
		};
		D97108B52C392D680054DBE0 /* Release */ = {
			isa = XCBuildConfiguration;
			buildSettings = {
				ASSETCATALOG_COMPILER_GENERATE_SWIFT_ASSET_SYMBOL_EXTENSIONS = YES;
				CLANG_CXX_LANGUAGE_STANDARD = "gnu++20";
				CODE_SIGN_ENTITLEMENTS = ReportExtension/ReportExtension.entitlements;
				CODE_SIGN_IDENTITY = "Apple Development";
				CODE_SIGN_STYLE = Automatic;
				CURRENT_PROJECT_VERSION = 1;
				DEVELOPMENT_TEAM = RH386Z3CQP;
				ENABLE_USER_SCRIPT_SANDBOXING = YES;
				GCC_C_LANGUAGE_STANDARD = gnu17;
				GENERATE_INFOPLIST_FILE = YES;
				INFOPLIST_FILE = ReportExtension/Info.plist;
				INFOPLIST_KEY_CFBundleDisplayName = ReportExtension;
				INFOPLIST_KEY_NSHumanReadableCopyright = "Copyright © 2024 orgName. All rights reserved.";
				IPHONEOS_DEPLOYMENT_TARGET = 17.5;
				LD_RUNPATH_SEARCH_PATHS = (
					"$(inherited)",
					"@executable_path/Frameworks",
					"@executable_path/../../Frameworks",
				);
				LOCALIZATION_PREFERS_STRING_CATALOGS = YES;
				MARKETING_VERSION = 1.0;
				PRODUCT_BUNDLE_IDENTIFIER = com.jesusdmedinac.bubble.Bubble.ReportExtension;
				PRODUCT_NAME = "$(TARGET_NAME)";
				SKIP_INSTALL = YES;
				SWIFT_EMIT_LOC_STRINGS = YES;
				SWIFT_VERSION = 5.0;
				TARGETED_DEVICE_FAMILY = "1,2";
			};
			name = Release;
		};
/* End XCBuildConfiguration section */

/* Begin XCConfigurationList section */
		7555FF76242A565900829871 /* Build configuration list for PBXProject "iosApp" */ = {
			isa = XCConfigurationList;
			buildConfigurations = (
				7555FFA3242A565B00829871 /* Debug */,
				7555FFA4242A565B00829871 /* Release */,
			);
			defaultConfigurationIsVisible = 0;
			defaultConfigurationName = Release;
		};
		7555FFA5242A565B00829871 /* Build configuration list for PBXNativeTarget "iosApp" */ = {
			isa = XCConfigurationList;
			buildConfigurations = (
				7555FFA6242A565B00829871 /* Debug */,
				7555FFA7242A565B00829871 /* Release */,
			);
			defaultConfigurationIsVisible = 0;
			defaultConfigurationName = Release;
		};
		D97108B32C392D680054DBE0 /* Build configuration list for PBXNativeTarget "ReportExtension" */ = {
			isa = XCConfigurationList;
			buildConfigurations = (
				D97108B42C392D680054DBE0 /* Debug */,
				D97108B52C392D680054DBE0 /* Release */,
			);
			defaultConfigurationIsVisible = 0;
			defaultConfigurationName = Release;
		};
/* End XCConfigurationList section */

/* Begin XCRemoteSwiftPackageReference section */
		D99B831C2C24950500CEF980 /* XCRemoteSwiftPackageReference "generative-ai-swift" */ = {
			isa = XCRemoteSwiftPackageReference;
			repositoryURL = "https://github.com/google/generative-ai-swift";
			requirement = {
				kind = upToNextMajorVersion;
				minimumVersion = 0.5.4;
			};
		};
		D9C0AAB92C5D3D4D00A43663 /* XCRemoteSwiftPackageReference "firebase-ios-sdk" */ = {
			isa = XCRemoteSwiftPackageReference;
			repositoryURL = "https://github.com/firebase/firebase-ios-sdk.git";
			requirement = {
				kind = upToNextMajorVersion;
				minimumVersion = 11.0.0;
			};
		};
/* End XCRemoteSwiftPackageReference section */

/* Begin XCSwiftPackageProductDependency section */
		D99B831D2C24950500CEF980 /* GoogleGenerativeAI */ = {
			isa = XCSwiftPackageProductDependency;
			package = D99B831C2C24950500CEF980 /* XCRemoteSwiftPackageReference "generative-ai-swift" */;
			productName = GoogleGenerativeAI;
		};
		D9C0AABA2C5D3D4D00A43663 /* FirebaseAnalytics */ = {
			isa = XCSwiftPackageProductDependency;
			package = D9C0AAB92C5D3D4D00A43663 /* XCRemoteSwiftPackageReference "firebase-ios-sdk" */;
			productName = FirebaseAnalytics;
		};
		D9C0AABC2C5D3D4D00A43663 /* FirebaseAuth */ = {
			isa = XCSwiftPackageProductDependency;
			package = D9C0AAB92C5D3D4D00A43663 /* XCRemoteSwiftPackageReference "firebase-ios-sdk" */;
			productName = FirebaseAuth;
		};
		D9C0AABE2C5D3D4D00A43663 /* FirebaseCrashlytics */ = {
			isa = XCSwiftPackageProductDependency;
			package = D9C0AAB92C5D3D4D00A43663 /* XCRemoteSwiftPackageReference "firebase-ios-sdk" */;
			productName = FirebaseCrashlytics;
		};
		D9C0AAC02C5D3D4D00A43663 /* FirebaseDatabase */ = {
			isa = XCSwiftPackageProductDependency;
			package = D9C0AAB92C5D3D4D00A43663 /* XCRemoteSwiftPackageReference "firebase-ios-sdk" */;
			productName = FirebaseDatabase;
		};
/* End XCSwiftPackageProductDependency section */
	};
	rootObject = 7555FF73242A565900829871 /* Project object */;
}
